Microsoft Visual Studio Solution File, Format Version 11.00
# Visual Basic Express 2010
Project("{F184B08F-C81C-45F6-A57F-5ABD9991F28F}") = "foroffice", "foroffice.vbproj", "{04FA1BC2-BA83-47A3-90FD-0A43EFF3685E}"
EndProject
Global
	GlobalSection(SolutionConfigurationPlatforms) = preSolution
		Debug|Any CPU = Debug|Any CPU
		Release|Any CPU = Release|Any CPU
	EndGlobalSection
	GlobalSection(ProjectConfigurationPlatforms) = postSolution
		{04FA1BC2-BA83-47A3-90FD-0A43EFF3685E}.Debug|Any CPU.ActiveCfg = Debug|Any CPU
		{04FA1BC2-BA83-47A3-90FD-0A43EFF3685E}.Debug|Any CPU.Build.0 = Debug|Any CPU
		{04FA1BC2-BA83-47A3-90FD-0A43EFF3685E}.Release|Any CPU.ActiveCfg = Release|Any CPU
		{04FA1BC2-BA83-47A3-90FD-0A43EFF3685E}.Release|Any CPU.Build.0 = Release|Any CPU
	EndGlobalSection
	GlobalSection(SolutionProperties) = preSolution
		HideSolutionNode = FALSE
	EndGlobalSection
EndGlobal
